
Microsoft Visual Studio Solution File, Format Version 12.00
# Visual Studio Version 17
VisualStudioVersion = 17.0.31903.59
MinimumVisualStudioVersion = 10.0.40219.1
Project("{FAE04EC0-301F-11D3-BF4B-00C04F79EFBC}") = "API", "API\API.csproj", "{AB9E8FAD-3D86-44EC-AB81-9E2778FDD8C1}"
EndProject
Project("{FAE04EC0-301F-11D3-BF4B-00C04F79EFBC}") = "APP", "APP\APP.csproj", "{F938CC51-E9C3-4978-999E-415F0A12204B}"
EndProject
Project("{FAE04EC0-301F-11D3-BF4B-00C04F79EFBC}") = "Domain", "Domain\Domain.csproj", "{C0E56698-56DE-433A-BA56-380549734CCF}"
EndProject
Project("{FAE04EC0-301F-11D3-BF4B-00C04F79EFBC}") = "Persistence", "Persistence\Persistence.csproj", "{BE197A61-E9D5-4B23-8FD5-7990F8924A34}"
EndProject
Global
	GlobalSection(SolutionConfigurationPlatforms) = preSolution
		Debug|Any CPU = Debug|Any CPU
		Release|Any CPU = Release|Any CPU
	EndGlobalSection
	GlobalSection(SolutionProperties) = preSolution
		HideSolutionNode = FALSE
	EndGlobalSection
	GlobalSection(ProjectConfigurationPlatforms) = postSolution
		{AB9E8FAD-3D86-44EC-AB81-9E2778FDD8C1}.Debug|Any CPU.ActiveCfg = Debug|Any CPU
		{AB9E8FAD-3D86-44EC-AB81-9E2778FDD8C1}.Debug|Any CPU.Build.0 = Debug|Any CPU
		{AB9E8FAD-3D86-44EC-AB81-9E2778FDD8C1}.Release|Any CPU.ActiveCfg = Release|Any CPU
		{AB9E8FAD-3D86-44EC-AB81-9E2778FDD8C1}.Release|Any CPU.Build.0 = Release|Any CPU
		{F938CC51-E9C3-4978-999E-415F0A12204B}.Debug|Any CPU.ActiveCfg = Debug|Any CPU
		{F938CC51-E9C3-4978-999E-415F0A12204B}.Debug|Any CPU.Build.0 = Debug|Any CPU
		{F938CC51-E9C3-4978-999E-415F0A12204B}.Release|Any CPU.ActiveCfg = Release|Any CPU
		{F938CC51-E9C3-4978-999E-415F0A12204B}.Release|Any CPU.Build.0 = Release|Any CPU
		{C0E56698-56DE-433A-BA56-380549734CCF}.Debug|Any CPU.ActiveCfg = Debug|Any CPU
		{C0E56698-56DE-433A-BA56-380549734CCF}.Debug|Any CPU.Build.0 = Debug|Any CPU
		{C0E56698-56DE-433A-BA56-380549734CCF}.Release|Any CPU.ActiveCfg = Release|Any CPU
		{C0E56698-56DE-433A-BA56-380549734CCF}.Release|Any CPU.Build.0 = Release|Any CPU
		{BE197A61-E9D5-4B23-8FD5-7990F8924A34}.Debug|Any CPU.ActiveCfg = Debug|Any CPU
		{BE197A61-E9D5-4B23-8FD5-7990F8924A34}.Debug|Any CPU.Build.0 = Debug|Any CPU
		{BE197A61-E9D5-4B23-8FD5-7990F8924A34}.Release|Any CPU.ActiveCfg = Release|Any CPU
		{BE197A61-E9D5-4B23-8FD5-7990F8924A34}.Release|Any CPU.Build.0 = Release|Any CPU
	EndGlobalSection
EndGlobal
